
Microsoft Visual Studio Solution File, Format Version 12.00
# Visual Studio Version 17
VisualStudioVersion = 17.12.35707.178
MinimumVisualStudioVersion = 10.0.40219.1
Project("{2150E333-8FDC-42A3-9474-1A3956D46DE8}") = "src", "src", "{132130FB-B859-46C5-BC17-C3487BDDBB47}"
EndProject
Project("{2150E333-8FDC-42A3-9474-1A3956D46DE8}") = "test", "test", "{83ADA07C-EA35-4EE3-8382-5D93E18CA282}"
EndProject
Project("{2150E333-8FDC-42A3-9474-1A3956D46DE8}") = "Ui", "Ui", "{53B464B7-55D8-4769-8408-78280439B661}"
EndProject
Project("{2150E333-8FDC-42A3-9474-1A3956D46DE8}") = "Core", "Core", "{F0558B8E-D1D1-4080-A0D7-7CFDC2FE4983}"
EndProject
Project("{2150E333-8FDC-42A3-9474-1A3956D46DE8}") = "Api", "Api", "{40AE7801-EE47-4776-A02C-AC6E7B35C7E5}"
EndProject
Project("{2150E333-8FDC-42A3-9474-1A3956D46DE8}") = "Infrastructure", "Infrastructure", "{2DA6F3DE-D7AE-4898-BD4D-DF2087A7EFA4}"
EndProject
Project("{FAE04EC0-301F-11D3-BF4B-00C04F79EFBC}") = "HomeSecuritySystem.Domain", "HomeSecuritySystem.Domain\HomeSecuritySystem.Domain.csproj", "{0C4C32CC-6246-4CA9-BDF8-2EA910F0D948}"
EndProject
Project("{FAE04EC0-301F-11D3-BF4B-00C04F79EFBC}") = "HomeSecuritySystem.Application", "HomeSecuritySystem.Application\HomeSecuritySystem.Application.csproj", "{967B4D01-9761-420B-8AEA-23DD08B6D98A}"
EndProject
Project("{FAE04EC0-301F-11D3-BF4B-00C04F79EFBC}") = "HomeSecuritySystem.Persistence", "HomeSecuritySystem.Persistence\HomeSecuritySystem.Persistence.csproj", "{C2BAEE77-CFE3-4D82-BD8A-C0F83D677BC7}"
EndProject
Project("{FAE04EC0-301F-11D3-BF4B-00C04F79EFBC}") = "HomeSecuritySystem.Infrastructure", "HomeSecuritySystem.Infrastructure\HomeSecuritySystem.Infrastructure.csproj", "{51A1687C-CA06-40F1-BCF9-EA3BA2FD2D2C}"
EndProject
Project("{FAE04EC0-301F-11D3-BF4B-00C04F79EFBC}") = "HomeSecuritySystem.Api", "HomeSecuritySystem.Api\HomeSecuritySystem.Api.csproj", "{7E400375-7BBC-41C4-9438-9AA40232D00C}"
EndProject
Project("{FAE04EC0-301F-11D3-BF4B-00C04F79EFBC}") = "HomeSecuritySystem.Application.UnitTest", "HomeSecuritySystem.Application.UnitTest\HomeSecuritySystem.Application.UnitTest.csproj", "{4BA1CE1D-E4D0-42FE-AA2E-8478F856C690}"
EndProject
Project("{FAE04EC0-301F-11D3-BF4B-00C04F79EFBC}") = "HomeSecuritySystem.IntegrationTests", "HomeSecuritySystem.IntegrationTests\HomeSecuritySystem.IntegrationTests.csproj", "{D2AA0CBB-6C92-4CF0-B534-B54AFB0B48FF}"
EndProject
Project("{FAE04EC0-301F-11D3-BF4B-00C04F79EFBC}") = "HomeSecuritySystem.Ui", "HomeSecuritySystem.Ui\HomeSecuritySystem.Ui.csproj", "{820EA83D-5612-465F-9D7D-AC94D6C42166}"
EndProject
Global
	GlobalSection(SolutionConfigurationPlatforms) = preSolution
		Debug|Any CPU = Debug|Any CPU
		Release|Any CPU = Release|Any CPU
	EndGlobalSection
	GlobalSection(ProjectConfigurationPlatforms) = postSolution
		{0C4C32CC-6246-4CA9-BDF8-2EA910F0D948}.Debug|Any CPU.ActiveCfg = Debug|Any CPU
		{0C4C32CC-6246-4CA9-BDF8-2EA910F0D948}.Debug|Any CPU.Build.0 = Debug|Any CPU
		{0C4C32CC-6246-4CA9-BDF8-2EA910F0D948}.Release|Any CPU.ActiveCfg = Release|Any CPU
		{0C4C32CC-6246-4CA9-BDF8-2EA910F0D948}.Release|Any CPU.Build.0 = Release|Any CPU
		{967B4D01-9761-420B-8AEA-23DD08B6D98A}.Debug|Any CPU.ActiveCfg = Debug|Any CPU
		{967B4D01-9761-420B-8AEA-23DD08B6D98A}.Debug|Any CPU.Build.0 = Debug|Any CPU
		{967B4D01-9761-420B-8AEA-23DD08B6D98A}.Release|Any CPU.ActiveCfg = Release|Any CPU
		{967B4D01-9761-420B-8AEA-23DD08B6D98A}.Release|Any CPU.Build.0 = Release|Any CPU
		{C2BAEE77-CFE3-4D82-BD8A-C0F83D677BC7}.Debug|Any CPU.ActiveCfg = Debug|Any CPU
		{C2BAEE77-CFE3-4D82-BD8A-C0F83D677BC7}.Debug|Any CPU.Build.0 = Debug|Any CPU
		{C2BAEE77-CFE3-4D82-BD8A-C0F83D677BC7}.Release|Any CPU.ActiveCfg = Release|Any CPU
		{C2BAEE77-CFE3-4D82-BD8A-C0F83D677BC7}.Release|Any CPU.Build.0 = Release|Any CPU
		{51A1687C-CA06-40F1-BCF9-EA3BA2FD2D2C}.Debug|Any CPU.ActiveCfg = Debug|Any CPU
		{51A1687C-CA06-40F1-BCF9-EA3BA2FD2D2C}.Debug|Any CPU.Build.0 = Debug|Any CPU
		{51A1687C-CA06-40F1-BCF9-EA3BA2FD2D2C}.Release|Any CPU.ActiveCfg = Release|Any CPU
		{51A1687C-CA06-40F1-BCF9-EA3BA2FD2D2C}.Release|Any CPU.Build.0 = Release|Any CPU
		{7E400375-7BBC-41C4-9438-9AA40232D00C}.Debug|Any CPU.ActiveCfg = Debug|Any CPU
		{7E400375-7BBC-41C4-9438-9AA40232D00C}.Debug|Any CPU.Build.0 = Debug|Any CPU
		{7E400375-7BBC-41C4-9438-9AA40232D00C}.Release|Any CPU.ActiveCfg = Release|Any CPU
		{7E400375-7BBC-41C4-9438-9AA40232D00C}.Release|Any CPU.Build.0 = Release|Any CPU
		{4BA1CE1D-E4D0-42FE-AA2E-8478F856C690}.Debug|Any CPU.ActiveCfg = Debug|Any CPU
		{4BA1CE1D-E4D0-42FE-AA2E-8478F856C690}.Debug|Any CPU.Build.0 = Debug|Any CPU
		{4BA1CE1D-E4D0-42FE-AA2E-8478F856C690}.Release|Any CPU.ActiveCfg = Release|Any CPU
		{4BA1CE1D-E4D0-42FE-AA2E-8478F856C690}.Release|Any CPU.Build.0 = Release|Any CPU
		{D2AA0CBB-6C92-4CF0-B534-B54AFB0B48FF}.Debug|Any CPU.ActiveCfg = Debug|Any CPU
		{D2AA0CBB-6C92-4CF0-B534-B54AFB0B48FF}.Debug|Any CPU.Build.0 = Debug|Any CPU
		{D2AA0CBB-6C92-4CF0-B534-B54AFB0B48FF}.Release|Any CPU.ActiveCfg = Release|Any CPU
		{D2AA0CBB-6C92-4CF0-B534-B54AFB0B48FF}.Release|Any CPU.Build.0 = Release|Any CPU
		{820EA83D-5612-465F-9D7D-AC94D6C42166}.Debug|Any CPU.ActiveCfg = Debug|Any CPU
		{820EA83D-5612-465F-9D7D-AC94D6C42166}.Debug|Any CPU.Build.0 = Debug|Any CPU
		{820EA83D-5612-465F-9D7D-AC94D6C42166}.Release|Any CPU.ActiveCfg = Release|Any CPU
		{820EA83D-5612-465F-9D7D-AC94D6C42166}.Release|Any CPU.Build.0 = Release|Any CPU
	EndGlobalSection
	GlobalSection(SolutionProperties) = preSolution
		HideSolutionNode = FALSE
	EndGlobalSection
	GlobalSection(NestedProjects) = preSolution
		{53B464B7-55D8-4769-8408-78280439B661} = {132130FB-B859-46C5-BC17-C3487BDDBB47}
		{F0558B8E-D1D1-4080-A0D7-7CFDC2FE4983} = {132130FB-B859-46C5-BC17-C3487BDDBB47}
		{40AE7801-EE47-4776-A02C-AC6E7B35C7E5} = {132130FB-B859-46C5-BC17-C3487BDDBB47}
		{2DA6F3DE-D7AE-4898-BD4D-DF2087A7EFA4} = {132130FB-B859-46C5-BC17-C3487BDDBB47}
		{0C4C32CC-6246-4CA9-BDF8-2EA910F0D948} = {F0558B8E-D1D1-4080-A0D7-7CFDC2FE4983}
		{967B4D01-9761-420B-8AEA-23DD08B6D98A} = {F0558B8E-D1D1-4080-A0D7-7CFDC2FE4983}
		{C2BAEE77-CFE3-4D82-BD8A-C0F83D677BC7} = {2DA6F3DE-D7AE-4898-BD4D-DF2087A7EFA4}
		{51A1687C-CA06-40F1-BCF9-EA3BA2FD2D2C} = {2DA6F3DE-D7AE-4898-BD4D-DF2087A7EFA4}
		{7E400375-7BBC-41C4-9438-9AA40232D00C} = {40AE7801-EE47-4776-A02C-AC6E7B35C7E5}
		{4BA1CE1D-E4D0-42FE-AA2E-8478F856C690} = {83ADA07C-EA35-4EE3-8382-5D93E18CA282}
		{D2AA0CBB-6C92-4CF0-B534-B54AFB0B48FF} = {83ADA07C-EA35-4EE3-8382-5D93E18CA282}
		{820EA83D-5612-465F-9D7D-AC94D6C42166} = {53B464B7-55D8-4769-8408-78280439B661}
	EndGlobalSection
EndGlobal
